# Generated by buf. DO NOT EDIT.
version: v1
deps:
  - remote: buf.build
    owner: cosmos
    repository: gogo-proto
    commit: 5e5b9fdd01804356895f8f79a6f1ddc1
    digest: shake256:0b85da49e2e5f9ebc4806eae058e2f56096ff3b1c59d1fb7c190413dd15f45dd456f0b69ced9059341c80795d2b6c943de15b120a9e0308b499e43e4b5fc2952
  - remote: buf.build
    owner: tendermint
    repository: tendermint
    commit: 6dac0b3364f541edb76be851c1525d8e
    digest: shake256:038267e06294714fd883610626554b04a127b576b4e253befb4206cb72d5d3c1eeccacd4b9ec8e3fb891f7c14e1cb0f770c077d2989638995b0a61c85afedb1d
